// !$*UTF8*$!
{
	archiveVersion = 1;
	classes = {
	};
	objectVersion = 46;
	objects = {

/* Begin PBXBuildFile section */
		4F83779B1CD0B72D0034DC82 /* AppDelegate.swift in Sources */ = {isa = PBXBuildFile; fileRef = 4F83779A1CD0B72D0034DC82 /* AppDelegate.swift */; };
		4F83779D1CD0B72D0034DC82 /* ViewController.swift in Sources */ = {isa = PBXBuildFile; fileRef = 4F83779C1CD0B72D0034DC82 /* ViewController.swift */; };
		4F83779F1CD0B72D0034DC82 /* Assets.xcassets in Resources */ = {isa = PBXBuildFile; fileRef = 4F83779E1CD0B72D0034DC82 /* Assets.xcassets */; };
		4F8377A21CD0B72D0034DC82 /* Main.storyboard in Resources */ = {isa = PBXBuildFile; fileRef = 4F8377A01CD0B72D0034DC82 /* Main.storyboard */; };
		4F8377AD1CD0B72D0034DC82 /* AdjustImgDateTests.swift in Sources */ = {isa = PBXBuildFile; fileRef = 4F8377AC1CD0B72D0034DC82 /* AdjustImgDateTests.swift */; };
		4F8377B81CD0B72D0034DC82 /* AdjustImgDateUITests.swift in Sources */ = {isa = PBXBuildFile; fileRef = 4F8377B71CD0B72D0034DC82 /* AdjustImgDateUITests.swift */; };
/* End PBXBuildFile section */

/* Begin PBXContainerItemProxy section */
		4F8377A91CD0B72D0034DC82 /* PBXContainerItemProxy */ = {
			isa = PBXContainerItemProxy;
			containerPortal = 4F83778F1CD0B72D0034DC82 /* Project object */;
			proxyType = 1;
			remoteGlobalIDString = 4F8377961CD0B72D0034DC82;
			remoteInfo = AdjustImgDate;
		};
		4F8377B41CD0B72D0034DC82 /* PBXContainerItemProxy */ = {
			isa = PBXContainerItemProxy;
			containerPortal = 4F83778F1CD0B72D0034DC82 /* Project object */;
			proxyType = 1;
			remoteGlobalIDString = 4F8377961CD0B72D0034DC82;
			remoteInfo = AdjustImgDate;
		};
/* End PBXContainerItemProxy section */

/* Begin PBXFileReference section */
		4F8377971CD0B72D0034DC82 /* AdjustImgDate.app */ = {isa = PBXFileReference; explicitFileType = wrapper.application; includeInIndex = 0; path = AdjustImgDate.app; sourceTree = BUILT_PRODUCTS_DIR; };
		4F83779A1CD0B72D0034DC82 /* AppDelegate.swift */ = {isa = PBXFileReference; lastKnownFileType = sourcecode.swift; path = AppDelegate.swift; sourceTree = "<group>"; };
		4F83779C1CD0B72D0034DC82 /* ViewController.swift */ = {isa = PBXFileReference; lastKnownFileType = sourcecode.swift; path = ViewController.swift; sourceTree = "<group>"; };
		4F83779E1CD0B72D0034DC82 /* Assets.xcassets */ = {isa = PBXFileReference; lastKnownFileType = folder.assetcatalog; path = Assets.xcassets; sourceTree = "<group>"; };
		4F8377A11CD0B72D0034DC82 /* Base */ = {isa = PBXFileReference; lastKnownFileType = file.storyboard; name = Base; path = Base.lproj/Main.storyboard; sourceTree = "<group>"; };
		4F8377A31CD0B72D0034DC82 /* Info.plist */ = {isa = PBXFileReference; lastKnownFileType = text.plist.xml; path = Info.plist; sourceTree = "<group>"; };
		4F8377A81CD0B72D0034DC82 /* AdjustImgDateTests.xctest */ = {isa = PBXFileReference; explicitFileType = wrapper.cfbundle; includeInIndex = 0; path = AdjustImgDateTests.xctest; sourceTree = BUILT_PRODUCTS_DIR; };
		4F8377AC1CD0B72D0034DC82 /* AdjustImgDateTests.swift */ = {isa = PBXFileReference; lastKnownFileType = sourcecode.swift; path = AdjustImgDateTests.swift; sourceTree = "<group>"; };
		4F8377AE1CD0B72D0034DC82 /* Info.plist */ = {isa = PBXFileReference; lastKnownFileType = text.plist.xml; path = Info.plist; sourceTree = "<group>"; };
		4F8377B31CD0B72D0034DC82 /* AdjustImgDateUITests.xctest */ = {isa = PBXFileReference; explicitFileType = wrapper.cfbundle; includeInIndex = 0; path = AdjustImgDateUITests.xctest; sourceTree = BUILT_PRODUCTS_DIR; };
		4F8377B71CD0B72D0034DC82 /* AdjustImgDateUITests.swift */ = {isa = PBXFileReference; lastKnownFileType = sourcecode.swift; path = AdjustImgDateUITests.swift; sourceTree = "<group>"; };
		4F8377B91CD0B72D0034DC82 /* Info.plist */ = {isa = PBXFileReference; lastKnownFileType = text.plist.xml; path = Info.plist; sourceTree = "<group>"; };
/* End PBXFileReference section */

/* Begin PBXFrameworksBuildPhase section */
		4F8377941CD0B72D0034DC82 /* Frameworks */ = {
			isa = PBXFrameworksBuildPhase;
			buildActionMask = 2147483647;
			files = (
			);
			runOnlyForDeploymentPostprocessing = 0;
		};
		4F8377A51CD0B72D0034DC82 /* Frameworks */ = {
			isa = PBXFrameworksBuildPhase;
			buildActionMask = 2147483647;
			files = (
			);
			runOnlyForDeploymentPostprocessing = 0;
		};
		4F8377B01CD0B72D0034DC82 /* Frameworks */ = {
			isa = PBXFrameworksBuildPhase;
			buildActionMask = 2147483647;
			files = (
			);
			runOnlyForDeploymentPostprocessing = 0;
		};
/* End PBXFrameworksBuildPhase section */

/* Begin PBXGroup section */
		4F83778E1CD0B72D0034DC82 = {
			isa = PBXGroup;
			children = (
				4F8377991CD0B72D0034DC82 /* AdjustImgDate */,
				4F8377AB1CD0B72D0034DC82 /* AdjustImgDateTests */,
				4F8377B61CD0B72D0034DC82 /* AdjustImgDateUITests */,
				4F8377981CD0B72D0034DC82 /* Products */,
			);
			sourceTree = "<group>";
		};
		4F8377981CD0B72D0034DC82 /* Products */ = {
			isa = PBXGroup;
			children = (
				4F8377971CD0B72D0034DC82 /* AdjustImgDate.app */,
				4F8377A81CD0B72D0034DC82 /* AdjustImgDateTests.xctest */,
				4F8377B31CD0B72D0034DC82 /* AdjustImgDateUITests.xctest */,
			);
			name = Products;
			sourceTree = "<group>";
		};
		4F8377991CD0B72D0034DC82 /* AdjustImgDate */ = {
			isa = PBXGroup;
			children = (
				4F83779A1CD0B72D0034DC82 /* AppDelegate.swift */,
				4F83779C1CD0B72D0034DC82 /* ViewController.swift */,
				4F83779E1CD0B72D0034DC82 /* Assets.xcassets */,
				4F8377A01CD0B72D0034DC82 /* Main.storyboard */,
				4F8377A31CD0B72D0034DC82 /* Info.plist */,
			);
			path = AdjustImgDate;
			sourceTree = "<group>";
		};
		4F8377AB1CD0B72D0034DC82 /* AdjustImgDateTests */ = {
			isa = PBXGroup;
			children = (
				4F8377AC1CD0B72D0034DC82 /* AdjustImgDateTests.swift */,
				4F8377AE1CD0B72D0034DC82 /* Info.plist */,
			);
			path = AdjustImgDateTests;
			sourceTree = "<group>";
		};
		4F8377B61CD0B72D0034DC82 /* AdjustImgDateUITests */ = {
			isa = PBXGroup;
			children = (
				4F8377B71CD0B72D0034DC82 /* AdjustImgDateUITests.swift */,
				4F8377B91CD0B72D0034DC82 /* Info.plist */,
			);
			path = AdjustImgDateUITests;
			sourceTree = "<group>";
		};
/* End PBXGroup section */

/* Begin PBXNativeTarget section */
		4F8377961CD0B72D0034DC82 /* AdjustImgDate */ = {
			isa = PBXNativeTarget;
			buildConfigurationList = 4F8377BC1CD0B72D0034DC82 /* Build configuration list for PBXNativeTarget "AdjustImgDate" */;
			buildPhases = (
				4F8377931CD0B72D0034DC82 /* Sources */,
				4F8377941CD0B72D0034DC82 /* Frameworks */,
				4F8377951CD0B72D0034DC82 /* Resources */,
			);
			buildRules = (
			);
			dependencies = (
			);
			name = AdjustImgDate;
			productName = AdjustImgDate;
			productReference = 4F8377971CD0B72D0034DC82 /* AdjustImgDate.app */;
			productType = "com.apple.product-type.application";
		};
		4F8377A71CD0B72D0034DC82 /* AdjustImgDateTests */ = {
			isa = PBXNativeTarget;
			buildConfigurationList = 4F8377BF1CD0B72D0034DC82 /* Build configuration list for PBXNativeTarget "AdjustImgDateTests" */;
			buildPhases = (
				4F8377A41CD0B72D0034DC82 /* Sources */,
				4F8377A51CD0B72D0034DC82 /* Frameworks */,
				4F8377A61CD0B72D0034DC82 /* Resources */,
			);
			buildRules = (
			);
			dependencies = (
				4F8377AA1CD0B72D0034DC82 /* PBXTargetDependency */,
			);
			name = AdjustImgDateTests;
			productName = AdjustImgDateTests;
			productReference = 4F8377A81CD0B72D0034DC82 /* AdjustImgDateTests.xctest */;
			productType = "com.apple.product-type.bundle.unit-test";
		};
		4F8377B21CD0B72D0034DC82 /* AdjustImgDateUITests */ = {
			isa = PBXNativeTarget;
			buildConfigurationList = 4F8377C21CD0B72D0034DC82 /* Build configuration list for PBXNativeTarget "AdjustImgDateUITests" */;
			buildPhases = (
				4F8377AF1CD0B72D0034DC82 /* Sources */,
				4F8377B01CD0B72D0034DC82 /* Frameworks */,
				4F8377B11CD0B72D0034DC82 /* Resources */,
			);
			buildRules = (
			);
			dependencies = (
				4F8377B51CD0B72D0034DC82 /* PBXTargetDependency */,
			);
			name = AdjustImgDateUITests;
			productName = AdjustImgDateUITests;
			productReference = 4F8377B31CD0B72D0034DC82 /* AdjustImgDateUITests.xctest */;
			productType = "com.apple.product-type.bundle.ui-testing";
		};
/* End PBXNativeTarget section */

/* Begin PBXProject section */
		4F83778F1CD0B72D0034DC82 /* Project object */ = {
			isa = PBXProject;
			attributes = {
				LastSwiftUpdateCheck = 0730;
				LastUpgradeCheck = 0730;
				ORGANIZATIONNAME = "ChenYi-Hung";
				TargetAttributes = {
					4F8377961CD0B72D0034DC82 = {
						CreatedOnToolsVersion = 7.3;
					};
					4F8377A71CD0B72D0034DC82 = {
						CreatedOnToolsVersion = 7.3;
						TestTargetID = 4F8377961CD0B72D0034DC82;
					};
					4F8377B21CD0B72D0034DC82 = {
						CreatedOnToolsVersion = 7.3;
						TestTargetID = 4F8377961CD0B72D0034DC82;
					};
				};
			};
			buildConfigurationList = 4F8377921CD0B72D0034DC82 /* Build configuration list for PBXProject "AdjustImgDate" */;
			compatibilityVersion = "Xcode 3.2";
			developmentRegion = English;
			hasScannedForEncodings = 0;
			knownRegions = (
				en,
				Base,
			);
			mainGroup = 4F83778E1CD0B72D0034DC82;
			productRefGroup = 4F8377981CD0B72D0034DC82 /* Products */;
			projectDirPath = "";
			projectRoot = "";
			targets = (
				4F8377961CD0B72D0034DC82 /* AdjustImgDate */,
				4F8377A71CD0B72D0034DC82 /* AdjustImgDateTests */,
				4F8377B21CD0B72D0034DC82 /* AdjustImgDateUITests */,
			);
		};
/* End PBXProject section */

/* Begin PBXResourcesBuildPhase section */
		4F8377951CD0B72D0034DC82 /* Resources */ = {
			isa = PBXResourcesBuildPhase;
			buildActionMask = 2147483647;
			files = (
				4F83779F1CD0B72D0034DC82 /* Assets.xcassets in Resources */,
				4F8377A21CD0B72D0034DC82 /* Main.storyboard in Resources */,
			);
			runOnlyForDeploymentPostprocessing = 0;
		};
		4F8377A61CD0B72D0034DC82 /* Resources */ = {
			isa = PBXResourcesBuildPhase;
			buildActionMask = 2147483647;
			files = (
			);
			runOnlyForDeploymentPostprocessing = 0;
		};
		4F8377B11CD0B72D0034DC82 /* Resources */ = {
			isa = PBXResourcesBuildPhase;
			buildActionMask = 2147483647;
			files = (
			);
			runOnlyForDeploymentPostprocessing = 0;
		};
/* End PBXResourcesBuildPhase section */

/* Begin PBXSourcesBuildPhase section */
		4F8377931CD0B72D0034DC82 /* Sources */ = {
			isa = PBXSourcesBuildPhase;
			buildActionMask = 2147483647;
			files = (
				4F83779D1CD0B72D0034DC82 /* ViewController.swift in Sources */,
				4F83779B1CD0B72D0034DC82 /* AppDelegate.swift in Sources */,
			);
			runOnlyForDeploymentPostprocessing = 0;
		};
		4F8377A41CD0B72D0034DC82 /* Sources */ = {
			isa = PBXSourcesBuildPhase;
			buildActionMask = 2147483647;
			files = (
				4F8377AD1CD0B72D0034DC82 /* AdjustImgDateTests.swift in Sources */,
			);
			runOnlyForDeploymentPostprocessing = 0;
		};
		4F8377AF1CD0B72D0034DC82 /* Sources */ = {
			isa = PBXSourcesBuildPhase;
			buildActionMask = 2147483647;
			files = (
				4F8377B81CD0B72D0034DC82 /* AdjustImgDateUITests.swift in Sources */,
			);
			runOnlyForDeploymentPostprocessing = 0;
		};
/* End PBXSourcesBuildPhase section */

/* Begin PBXTargetDependency section */
		4F8377AA1CD0B72D0034DC82 /* PBXTargetDependency */ = {
			isa = PBXTargetDependency;
			target = 4F8377961CD0B72D0034DC82 /* AdjustImgDate */;
			targetProxy = 4F8377A91CD0B72D0034DC82 /* PBXContainerItemProxy */;
		};
		4F8377B51CD0B72D0034DC82 /* PBXTargetDependency */ = {
			isa = PBXTargetDependency;
			target = 4F8377961CD0B72D0034DC82 /* AdjustImgDate */;
			targetProxy = 4F8377B41CD0B72D0034DC82 /* PBXContainerItemProxy */;
		};
/* End PBXTargetDependency section */

/* Begin PBXVariantGroup section */
		4F8377A01CD0B72D0034DC82 /* Main.storyboard */ = {
			isa = PBXVariantGroup;
			children = (
				4F8377A11CD0B72D0034DC82 /* Base */,
			);
			name = Main.storyboard;
			sourceTree = "<group>";
		};
/* End PBXVariantGroup section */

/* Begin XCBuildConfiguration section */
		4F8377BA1CD0B72D0034DC82 /* Debug */ = {
			isa = XCBuildConfiguration;
			buildSettings = {
				ALWAYS_SEARCH_USER_PATHS = NO;
				CLANG_ANALYZER_NONNULL = YES;
				CLANG_CXX_LANGUAGE_STANDARD = "gnu++0x";
				CLANG_CXX_LIBRARY = "libc++";
				CLANG_ENABLE_MODULES = YES;
				CLANG_ENABLE_OBJC_ARC = YES;
				CLANG_WARN_BOOL_CONVERSION = YES;
				CLANG_WARN_CONSTANT_CONVERSION = YES;
				CLANG_WARN_DIRECT_OBJC_ISA_USAGE = YES_ERROR;
				CLANG_WARN_EMPTY_BODY = YES;
				CLANG_WARN_ENUM_CONVERSION = YES;
				CLANG_WARN_INT_CONVERSION = YES;
				CLANG_WARN_OBJC_ROOT_CLASS = YES_ERROR;
				CLANG_WARN_UNREACHABLE_CODE = YES;
				CLANG_WARN__DUPLICATE_METHOD_MATCH = YES;
				CODE_SIGN_IDENTITY = "-";
				COPY_PHASE_STRIP = NO;
				DEBUG_INFORMATION_FORMAT = dwarf;
				ENABLE_STRICT_OBJC_MSGSEND = YES;
				ENABLE_TESTABILITY = YES;
				GCC_C_LANGUAGE_STANDARD = gnu99;
				GCC_DYNAMIC_NO_PIC = NO;
				GCC_NO_COMMON_BLOCKS = YES;
				GCC_OPTIMIZATION_LEVEL = 0;
				GCC_PREPROCESSOR_DEFINITIONS = (
					"DEBUG=1",
					"$(inherited)",
				);
				GCC_WARN_64_TO_32_BIT_CONVERSION = YES;
				GCC_WARN_ABOUT_RETURN_TYPE = YES_ERROR;
				GCC_WARN_UNDECLARED_SELECTOR = YES;
				GCC_WARN_UNINITIALIZED_AUTOS = YES_AGGRESSIVE;
				GCC_WARN_UNUSED_FUNCTION = YES;
				GCC_WARN_UNUSED_VARIABLE = YES;
				MACOSX_DEPLOYMENT_TARGET = 10.11;
				MTL_ENABLE_DEBUG_INFO = YES;
				ONLY_ACTIVE_ARCH = YES;
				SDKROOT = macosx;
				SWIFT_OPTIMIZATION_LEVEL = "-Onone";
			};
			name = Debug;
		};
		4F8377BB1CD0B72D0034DC82 /* Release */ = {
			isa = XCBuildConfiguration;
			buildSettings = {
				ALWAYS_SEARCH_USER_PATHS = NO;
				CLANG_ANALYZER_NONNULL = YES;
				CLANG_CXX_LANGUAGE_STANDARD = "gnu++0x";
				CLANG_CXX_LIBRARY = "libc++";
				CLANG_ENABLE_MODULES = YES;
				CLANG_ENABLE_OBJC_ARC = YES;
				CLANG_WARN_BOOL_CONVERSION = YES;
				CLANG_WARN_CONSTANT_CONVERSION = YES;
				CLANG_WARN_DIRECT_OBJC_ISA_USAGE = YES_ERROR;
				CLANG_WARN_EMPTY_BODY = YES;
				CLANG_WARN_ENUM_CONVERSION = YES;
				CLANG_WARN_INT_CONVERSION = YES;
				CLANG_WARN_OBJC_ROOT_CLASS = YES_ERROR;
				CLANG_WARN_UNREACHABLE_CODE = YES;
				CLANG_WARN__DUPLICATE_METHOD_MATCH = YES;
				CODE_SIGN_IDENTITY = "-";
				COPY_PHASE_STRIP = NO;
				DEBUG_INFORMATION_FORMAT = "dwarf-with-dsym";
				ENABLE_NS_ASSERTIONS = NO;
				ENABLE_STRICT_OBJC_MSGSEND = YES;
				GCC_C_LANGUAGE_STANDARD = gnu99;
				GCC_NO_COMMON_BLOCKS = YES;
				GCC_WARN_64_TO_32_BIT_CONVERSION = YES;
				GCC_WARN_ABOUT_RETURN_TYPE = YES_ERROR;
				GCC_WARN_UNDECLARED_SELECTOR = YES;
				GCC_WARN_UNINITIALIZED_AUTOS = YES_AGGRESSIVE;
				GCC_WARN_UNUSED_FUNCTION = YES;
				GCC_WARN_UNUSED_VARIABLE = YES;
				MACOSX_DEPLOYMENT_TARGET = 10.11;
				MTL_ENABLE_DEBUG_INFO = NO;
				SDKROOT = macosx;
			};
			name = Release;
		};
		4F8377BD1CD0B72D0034DC82 /* Debug */ = {
			isa = XCBuildConfiguration;
			buildSettings = {
				ASSETCATALOG_COMPILER_APPICON_NAME = AppIcon;
				COMBINE_HIDPI_IMAGES = YES;
				INFOPLIST_FILE = AdjustImgDate/Info.plist;
				LD_RUNPATH_SEARCH_PATHS = "$(inherited) @executable_path/../Frameworks";
				PRODUCT_BUNDLE_IDENTIFIER = my.AdjustImgDate;
				PRODUCT_NAME = "$(TARGET_NAME)";
			};
			name = Debug;
		};
		4F8377BE1CD0B72D0034DC82 /* Release */ = {
			isa = XCBuildConfiguration;
			buildSettings = {
				ASSETCATALOG_COMPILER_APPICON_NAME = AppIcon;
				COMBINE_HIDPI_IMAGES = YES;
				INFOPLIST_FILE = AdjustImgDate/Info.plist;
				LD_RUNPATH_SEARCH_PATHS = "$(inherited) @executable_path/../Frameworks";
				PRODUCT_BUNDLE_IDENTIFIER = my.AdjustImgDate;
				PRODUCT_NAME = "$(TARGET_NAME)";
			};
			name = Release;
		};
		4F8377C01CD0B72D0034DC82 /* Debug */ = {
			isa = XCBuildConfiguration;
			buildSettings = {
				BUNDLE_LOADER = "$(TEST_HOST)";
				COMBINE_HIDPI_IMAGES = YES;
				INFOPLIST_FILE = AdjustImgDateTests/Info.plist;
				LD_RUNPATH_SEARCH_PATHS = "$(inherited) @executable_path/../Frameworks @loader_path/../Frameworks";
				PRODUCT_BUNDLE_IDENTIFIER = my.AdjustImgDateTests;
				PRODUCT_NAME = "$(TARGET_NAME)";
				TEST_HOST = "$(BUILT_PRODUCTS_DIR)/AdjustImgDate.app/Contents/MacOS/AdjustImgDate";
			};
			name = Debug;
		};
		4F8377C11CD0B72D0034DC82 /* Release */ = {
			isa = XCBuildConfiguration;
			buildSettings = {
				BUNDLE_LOADER = "$(TEST_HOST)";
				COMBINE_HIDPI_IMAGES = YES;
				INFOPLIST_FILE = AdjustImgDateTests/Info.plist;
				LD_RUNPATH_SEARCH_PATHS = "$(inherited) @executable_path/../Frameworks @loader_path/../Frameworks";
				PRODUCT_BUNDLE_IDENTIFIER = my.AdjustImgDateTests;
				PRODUCT_NAME = "$(TARGET_NAME)";
				TEST_HOST = "$(BUILT_PRODUCTS_DIR)/AdjustImgDate.app/Contents/MacOS/AdjustImgDate";
			};
			name = Release;
		};
		4F8377C31CD0B72D0034DC82 /* Debug */ = {
			isa = XCBuildConfiguration;
			buildSettings = {
				COMBINE_HIDPI_IMAGES = YES;
				INFOPLIST_FILE = AdjustImgDateUITests/Info.plist;
				LD_RUNPATH_SEARCH_PATHS = "$(inherited) @executable_path/../Frameworks @loader_path/../Frameworks";
				PRODUCT_BUNDLE_IDENTIFIER = my.AdjustImgDateUITests;
				PRODUCT_NAME = "$(TARGET_NAME)";
				TEST_TARGET_NAME = AdjustImgDate;
			};
			name = Debug;
		};
		4F8377C41CD0B72D0034DC82 /* Release */ = {
			isa = XCBuildConfiguration;
			buildSettings = {
				COMBINE_HIDPI_IMAGES = YES;
				INFOPLIST_FILE = AdjustImgDateUITests/Info.plist;
				LD_RUNPATH_SEARCH_PATHS = "$(inherited) @executable_path/../Frameworks @loader_path/../Frameworks";
				PRODUCT_BUNDLE_IDENTIFIER = my.AdjustImgDateUITests;
				PRODUCT_NAME = "$(TARGET_NAME)";
				TEST_TARGET_NAME = AdjustImgDate;
			};
			name = Release;
		};
/* End XCBuildConfiguration section */

/* Begin XCConfigurationList section */
		4F8377921CD0B72D0034DC82 /* Build configuration list for PBXProject "AdjustImgDate" */ = {
			isa = XCConfigurationList;
			buildConfigurations = (
				4F8377BA1CD0B72D0034DC82 /* Debug */,
				4F8377BB1CD0B72D0034DC82 /* Release */,
			);
			defaultConfigurationIsVisible = 0;
			defaultConfigurationName = Release;
		};
		4F8377BC1CD0B72D0034DC82 /* Build configuration list for PBXNativeTarget "AdjustImgDate" */ = {
			isa = XCConfigurationList;
			buildConfigurations = (
				4F8377BD1CD0B72D0034DC82 /* Debug */,
				4F8377BE1CD0B72D0034DC82 /* Release */,
			);
			defaultConfigurationIsVisible = 0;
		};
		4F8377BF1CD0B72D0034DC82 /* Build configuration list for PBXNativeTarget "AdjustImgDateTests" */ = {
			isa = XCConfigurationList;
			buildConfigurations = (
				4F8377C01CD0B72D0034DC82 /* Debug */,
				4F8377C11CD0B72D0034DC82 /* Release */,
			);
			defaultConfigurationIsVisible = 0;
		};
		4F8377C21CD0B72D0034DC82 /* Build configuration list for PBXNativeTarget "AdjustImgDateUITests" */ = {
			isa = XCConfigurationList;
			buildConfigurations = (
				4F8377C31CD0B72D0034DC82 /* Debug */,
				4F8377C41CD0B72D0034DC82 /* Release */,
			);
			defaultConfigurationIsVisible = 0;
		};
/* End XCConfigurationList section */
	};
	rootObject = 4F83778F1CD0B72D0034DC82 /* Project object */;
}
